// !$*UTF8*$!
{
	archiveVersion = 1;
	classes = {
	};
	objectVersion = 56;
	objects = {

/* Begin PBXBuildFile section */
		D2758A152BB5BF7200402886 /* AppDelegate.swift in Sources */ = {isa = PBXBuildFile; fileRef = D2758A142BB5BF7200402886 /* AppDelegate.swift */; };
		D2758A172BB5BF7200402886 /* SceneDelegate.swift in Sources */ = {isa = PBXBuildFile; fileRef = D2758A162BB5BF7200402886 /* SceneDelegate.swift */; };
		D2758A192BB5BF7200402886 /* PositionListViewController.swift in Sources */ = {isa = PBXBuildFile; fileRef = D2758A182BB5BF7200402886 /* PositionListViewController.swift */; };
		D2758A1E2BB5BF7300402886 /* Assets.xcassets in Resources */ = {isa = PBXBuildFile; fileRef = D2758A1D2BB5BF7300402886 /* Assets.xcassets */; };
		D2758A212BB5BF7300402886 /* Base in Resources */ = {isa = PBXBuildFile; fileRef = D2758A202BB5BF7300402886 /* Base */; };
		D2758A2B2BB5C22800402886 /* PositionListInteractor.swift in Sources */ = {isa = PBXBuildFile; fileRef = D2758A2A2BB5C22800402886 /* PositionListInteractor.swift */; };
		D2758A2D2BB5C23700402886 /* PositionListPresenter.swift in Sources */ = {isa = PBXBuildFile; fileRef = D2758A2C2BB5C23700402886 /* PositionListPresenter.swift */; };
		D2758A2F2BB5C24200402886 /* PositionListModels.swift in Sources */ = {isa = PBXBuildFile; fileRef = D2758A2E2BB5C24200402886 /* PositionListModels.swift */; };
		D2758A312BB5C24E00402886 /* PositionListConfigurator.swift in Sources */ = {isa = PBXBuildFile; fileRef = D2758A302BB5C24E00402886 /* PositionListConfigurator.swift */; };
		D2758A332BB5C27100402886 /* PositionDetailsViewController.swift in Sources */ = {isa = PBXBuildFile; fileRef = D2758A322BB5C27100402886 /* PositionDetailsViewController.swift */; };
		D2758A352BB5C27D00402886 /* PositionDetailsInteractor.swift in Sources */ = {isa = PBXBuildFile; fileRef = D2758A342BB5C27D00402886 /* PositionDetailsInteractor.swift */; };
		D2758A372BB5C28600402886 /* PositionDetailsPresenter.swift in Sources */ = {isa = PBXBuildFile; fileRef = D2758A362BB5C28600402886 /* PositionDetailsPresenter.swift */; };
		D2758A392BB5C28E00402886 /* PositionDetailsModels.swift in Sources */ = {isa = PBXBuildFile; fileRef = D2758A382BB5C28E00402886 /* PositionDetailsModels.swift */; };
		D2758A3B2BB5C2A100402886 /* PositionDetailsConfigurator.swift in Sources */ = {isa = PBXBuildFile; fileRef = D2758A3A2BB5C2A100402886 /* PositionDetailsConfigurator.swift */; };
		D2758A3F2BB5C34200402886 /* PositionListRouter.swift in Sources */ = {isa = PBXBuildFile; fileRef = D2758A3E2BB5C34200402886 /* PositionListRouter.swift */; };
		D2758A462BB5C48C00402886 /* Position.swift in Sources */ = {isa = PBXBuildFile; fileRef = D2758A452BB5C48C00402886 /* Position.swift */; };
		D2758A482BB5C58900402886 /* NetworkManager.swift in Sources */ = {isa = PBXBuildFile; fileRef = D2758A472BB5C58900402886 /* NetworkManager.swift */; };
		D2758A4A2BB5C59600402886 /* ImageManager.swift in Sources */ = {isa = PBXBuildFile; fileRef = D2758A492BB5C59600402886 /* ImageManager.swift */; };
		D2758A4E2BB5CA8600402886 /* PositionDetailsWorker.swift in Sources */ = {isa = PBXBuildFile; fileRef = D2758A4D2BB5CA8600402886 /* PositionDetailsWorker.swift */; };
		D2758A512BB60A8A00402886 /* PositionCell.swift in Sources */ = {isa = PBXBuildFile; fileRef = D2758A502BB60A8A00402886 /* PositionCell.swift */; };
/* End PBXBuildFile section */

/* Begin PBXFileReference section */
		D2758A112BB5BF7200402886 /* Friendly HR.app */ = {isa = PBXFileReference; explicitFileType = wrapper.application; includeInIndex = 0; path = "Friendly HR.app"; sourceTree = BUILT_PRODUCTS_DIR; };
		D2758A142BB5BF7200402886 /* AppDelegate.swift */ = {isa = PBXFileReference; lastKnownFileType = sourcecode.swift; path = AppDelegate.swift; sourceTree = "<group>"; };
		D2758A162BB5BF7200402886 /* SceneDelegate.swift */ = {isa = PBXFileReference; lastKnownFileType = sourcecode.swift; path = SceneDelegate.swift; sourceTree = "<group>"; };
		D2758A182BB5BF7200402886 /* PositionListViewController.swift */ = {isa = PBXFileReference; lastKnownFileType = sourcecode.swift; path = PositionListViewController.swift; sourceTree = "<group>"; };
		D2758A1D2BB5BF7300402886 /* Assets.xcassets */ = {isa = PBXFileReference; lastKnownFileType = folder.assetcatalog; path = Assets.xcassets; sourceTree = "<group>"; };
		D2758A202BB5BF7300402886 /* Base */ = {isa = PBXFileReference; lastKnownFileType = file.storyboard; name = Base; path = Base.lproj/LaunchScreen.storyboard; sourceTree = "<group>"; };
		D2758A222BB5BF7300402886 /* Info.plist */ = {isa = PBXFileReference; lastKnownFileType = text.plist.xml; path = Info.plist; sourceTree = "<group>"; };
		D2758A2A2BB5C22800402886 /* PositionListInteractor.swift */ = {isa = PBXFileReference; lastKnownFileType = sourcecode.swift; path = PositionListInteractor.swift; sourceTree = "<group>"; };
		D2758A2C2BB5C23700402886 /* PositionListPresenter.swift */ = {isa = PBXFileReference; lastKnownFileType = sourcecode.swift; path = PositionListPresenter.swift; sourceTree = "<group>"; };
		D2758A2E2BB5C24200402886 /* PositionListModels.swift */ = {isa = PBXFileReference; lastKnownFileType = sourcecode.swift; path = PositionListModels.swift; sourceTree = "<group>"; };
		D2758A302BB5C24E00402886 /* PositionListConfigurator.swift */ = {isa = PBXFileReference; lastKnownFileType = sourcecode.swift; path = PositionListConfigurator.swift; sourceTree = "<group>"; };
		D2758A322BB5C27100402886 /* PositionDetailsViewController.swift */ = {isa = PBXFileReference; lastKnownFileType = sourcecode.swift; path = PositionDetailsViewController.swift; sourceTree = "<group>"; };
		D2758A342BB5C27D00402886 /* PositionDetailsInteractor.swift */ = {isa = PBXFileReference; lastKnownFileType = sourcecode.swift; path = PositionDetailsInteractor.swift; sourceTree = "<group>"; };
		D2758A362BB5C28600402886 /* PositionDetailsPresenter.swift */ = {isa = PBXFileReference; lastKnownFileType = sourcecode.swift; path = PositionDetailsPresenter.swift; sourceTree = "<group>"; };
		D2758A382BB5C28E00402886 /* PositionDetailsModels.swift */ = {isa = PBXFileReference; lastKnownFileType = sourcecode.swift; path = PositionDetailsModels.swift; sourceTree = "<group>"; };
		D2758A3A2BB5C2A100402886 /* PositionDetailsConfigurator.swift */ = {isa = PBXFileReference; lastKnownFileType = sourcecode.swift; path = PositionDetailsConfigurator.swift; sourceTree = "<group>"; };
		D2758A3E2BB5C34200402886 /* PositionListRouter.swift */ = {isa = PBXFileReference; lastKnownFileType = sourcecode.swift; path = PositionListRouter.swift; sourceTree = "<group>"; };
		D2758A452BB5C48C00402886 /* Position.swift */ = {isa = PBXFileReference; lastKnownFileType = sourcecode.swift; path = Position.swift; sourceTree = "<group>"; };
		D2758A472BB5C58900402886 /* NetworkManager.swift */ = {isa = PBXFileReference; lastKnownFileType = sourcecode.swift; path = NetworkManager.swift; sourceTree = "<group>"; };
		D2758A492BB5C59600402886 /* ImageManager.swift */ = {isa = PBXFileReference; lastKnownFileType = sourcecode.swift; path = ImageManager.swift; sourceTree = "<group>"; };
		D2758A4D2BB5CA8600402886 /* PositionDetailsWorker.swift */ = {isa = PBXFileReference; lastKnownFileType = sourcecode.swift; path = PositionDetailsWorker.swift; sourceTree = "<group>"; };
		D2758A502BB60A8A00402886 /* PositionCell.swift */ = {isa = PBXFileReference; lastKnownFileType = sourcecode.swift; path = PositionCell.swift; sourceTree = "<group>"; };
/* End PBXFileReference section */

/* Begin PBXFrameworksBuildPhase section */
		D2758A0E2BB5BF7200402886 /* Frameworks */ = {
			isa = PBXFrameworksBuildPhase;
			buildActionMask = 2147483647;
			files = (
			);
			runOnlyForDeploymentPostprocessing = 0;
		};
/* End PBXFrameworksBuildPhase section */

/* Begin PBXGroup section */
		D2758A082BB5BF7200402886 = {
			isa = PBXGroup;
			children = (
				D2758A132BB5BF7200402886 /* Friendly HR */,
				D2758A122BB5BF7200402886 /* Products */,
			);
			sourceTree = "<group>";
		};
		D2758A122BB5BF7200402886 /* Products */ = {
			isa = PBXGroup;
			children = (
				D2758A112BB5BF7200402886 /* Friendly HR.app */,
			);
			name = Products;
			sourceTree = "<group>";
		};
		D2758A132BB5BF7200402886 /* Friendly HR */ = {
			isa = PBXGroup;
			children = (
				D2758A282BB5C19500402886 /* PositionList */,
				D2758A292BB5C1BC00402886 /* PositionDetails */,
				D2758A432BB5C45C00402886 /* Models */,
				D2758A442BB5C46300402886 /* Services */,
				D2758A412BB5C41200402886 /* Storyboard */,
				D2758A422BB5C41E00402886 /* Supporting Files */,
				D2758A402BB5C3C900402886 /* Resourses */,
			);
			path = "Friendly HR";
			sourceTree = "<group>";
		};
		D2758A282BB5C19500402886 /* PositionList */ = {
			isa = PBXGroup;
			children = (
				D2758A4F2BB60A7C00402886 /* PositionCell */,
				D2758A182BB5BF7200402886 /* PositionListViewController.swift */,
				D2758A2A2BB5C22800402886 /* PositionListInteractor.swift */,
				D2758A2C2BB5C23700402886 /* PositionListPresenter.swift */,
				D2758A3E2BB5C34200402886 /* PositionListRouter.swift */,
				D2758A2E2BB5C24200402886 /* PositionListModels.swift */,
				D2758A302BB5C24E00402886 /* PositionListConfigurator.swift */,
			);
			path = PositionList;
			sourceTree = "<group>";
		};
		D2758A292BB5C1BC00402886 /* PositionDetails */ = {
			isa = PBXGroup;
			children = (
				D2758A322BB5C27100402886 /* PositionDetailsViewController.swift */,
				D2758A342BB5C27D00402886 /* PositionDetailsInteractor.swift */,
				D2758A362BB5C28600402886 /* PositionDetailsPresenter.swift */,
				D2758A4D2BB5CA8600402886 /* PositionDetailsWorker.swift */,
				D2758A382BB5C28E00402886 /* PositionDetailsModels.swift */,
				D2758A3A2BB5C2A100402886 /* PositionDetailsConfigurator.swift */,
			);
			path = PositionDetails;
			sourceTree = "<group>";
		};
		D2758A402BB5C3C900402886 /* Resourses */ = {
			isa = PBXGroup;
			children = (
				D2758A1D2BB5BF7300402886 /* Assets.xcassets */,
			);
			path = Resourses;
			sourceTree = "<group>";
		};
		D2758A412BB5C41200402886 /* Storyboard */ = {
			isa = PBXGroup;
			children = (
				D2758A1F2BB5BF7300402886 /* LaunchScreen.storyboard */,
			);
			path = Storyboard;
			sourceTree = "<group>";
		};
		D2758A422BB5C41E00402886 /* Supporting Files */ = {
			isa = PBXGroup;
			children = (
				D2758A142BB5BF7200402886 /* AppDelegate.swift */,
				D2758A162BB5BF7200402886 /* SceneDelegate.swift */,
				D2758A222BB5BF7300402886 /* Info.plist */,
			);
			path = "Supporting Files";
			sourceTree = "<group>";
		};
		D2758A432BB5C45C00402886 /* Models */ = {
			isa = PBXGroup;
			children = (
				D2758A452BB5C48C00402886 /* Position.swift */,
			);
			path = Models;
			sourceTree = "<group>";
		};
		D2758A442BB5C46300402886 /* Services */ = {
			isa = PBXGroup;
			children = (
				D2758A472BB5C58900402886 /* NetworkManager.swift */,
				D2758A492BB5C59600402886 /* ImageManager.swift */,
			);
			path = Services;
			sourceTree = "<group>";
		};
		D2758A4F2BB60A7C00402886 /* PositionCell */ = {
			isa = PBXGroup;
			children = (
				D2758A502BB60A8A00402886 /* PositionCell.swift */,
			);
			path = PositionCell;
			sourceTree = "<group>";
		};
/* End PBXGroup section */

/* Begin PBXNativeTarget section */
		D2758A102BB5BF7200402886 /* Friendly HR */ = {
			isa = PBXNativeTarget;
			buildConfigurationList = D2758A252BB5BF7300402886 /* Build configuration list for PBXNativeTarget "Friendly HR" */;
			buildPhases = (
				D2758A0D2BB5BF7200402886 /* Sources */,
				D2758A0E2BB5BF7200402886 /* Frameworks */,
				D2758A0F2BB5BF7200402886 /* Resources */,
			);
			buildRules = (
			);
			dependencies = (
			);
			name = "Friendly HR";
			productName = "Friendly HR";
			productReference = D2758A112BB5BF7200402886 /* Friendly HR.app */;
			productType = "com.apple.product-type.application";
		};
/* End PBXNativeTarget section */

/* Begin PBXProject section */
		D2758A092BB5BF7200402886 /* Project object */ = {
			isa = PBXProject;
			attributes = {
				BuildIndependentTargetsInParallel = 1;
				LastSwiftUpdateCheck = 1530;
				LastUpgradeCheck = 1530;
				TargetAttributes = {
					D2758A102BB5BF7200402886 = {
						CreatedOnToolsVersion = 15.3;
					};
				};
			};
			buildConfigurationList = D2758A0C2BB5BF7200402886 /* Build configuration list for PBXProject "Friendly HR" */;
			compatibilityVersion = "Xcode 14.0";
			developmentRegion = en;
			hasScannedForEncodings = 0;
			knownRegions = (
				en,
				Base,
			);
			mainGroup = D2758A082BB5BF7200402886;
			productRefGroup = D2758A122BB5BF7200402886 /* Products */;
			projectDirPath = "";
			projectRoot = "";
			targets = (
				D2758A102BB5BF7200402886 /* Friendly HR */,
			);
		};
/* End PBXProject section */

/* Begin PBXResourcesBuildPhase section */
		D2758A0F2BB5BF7200402886 /* Resources */ = {
			isa = PBXResourcesBuildPhase;
			buildActionMask = 2147483647;
			files = (
				D2758A1E2BB5BF7300402886 /* Assets.xcassets in Resources */,
				D2758A212BB5BF7300402886 /* Base in Resources */,
			);
			runOnlyForDeploymentPostprocessing = 0;
		};
/* End PBXResourcesBuildPhase section */

/* Begin PBXSourcesBuildPhase section */
		D2758A0D2BB5BF7200402886 /* Sources */ = {
			isa = PBXSourcesBuildPhase;
			buildActionMask = 2147483647;
			files = (
				D2758A332BB5C27100402886 /* PositionDetailsViewController.swift in Sources */,
				D2758A4A2BB5C59600402886 /* ImageManager.swift in Sources */,
				D2758A2D2BB5C23700402886 /* PositionListPresenter.swift in Sources */,
				D2758A512BB60A8A00402886 /* PositionCell.swift in Sources */,
				D2758A192BB5BF7200402886 /* PositionListViewController.swift in Sources */,
				D2758A152BB5BF7200402886 /* AppDelegate.swift in Sources */,
				D2758A482BB5C58900402886 /* NetworkManager.swift in Sources */,
				D2758A172BB5BF7200402886 /* SceneDelegate.swift in Sources */,
				D2758A4E2BB5CA8600402886 /* PositionDetailsWorker.swift in Sources */,
				D2758A312BB5C24E00402886 /* PositionListConfigurator.swift in Sources */,
				D2758A392BB5C28E00402886 /* PositionDetailsModels.swift in Sources */,
				D2758A372BB5C28600402886 /* PositionDetailsPresenter.swift in Sources */,
				D2758A462BB5C48C00402886 /* Position.swift in Sources */,
				D2758A352BB5C27D00402886 /* PositionDetailsInteractor.swift in Sources */,
				D2758A3F2BB5C34200402886 /* PositionListRouter.swift in Sources */,
				D2758A2F2BB5C24200402886 /* PositionListModels.swift in Sources */,
				D2758A3B2BB5C2A100402886 /* PositionDetailsConfigurator.swift in Sources */,
				D2758A2B2BB5C22800402886 /* PositionListInteractor.swift in Sources */,
			);
			runOnlyForDeploymentPostprocessing = 0;
		};
/* End PBXSourcesBuildPhase section */

/* Begin PBXVariantGroup section */
		D2758A1F2BB5BF7300402886 /* LaunchScreen.storyboard */ = {
			isa = PBXVariantGroup;
			children = (
				D2758A202BB5BF7300402886 /* Base */,
			);
			name = LaunchScreen.storyboard;
			sourceTree = "<group>";
		};
/* End PBXVariantGroup section */

/* Begin XCBuildConfiguration section */
		D2758A232BB5BF7300402886 /* Debug */ = {
			isa = XCBuildConfiguration;
			buildSettings = {
				ALWAYS_SEARCH_USER_PATHS = NO;
				ASSETCATALOG_COMPILER_GENERATE_SWIFT_ASSET_SYMBOL_EXTENSIONS = YES;
				CLANG_ANALYZER_NONNULL = YES;
				CLANG_ANALYZER_NUMBER_OBJECT_CONVERSION = YES_AGGRESSIVE;
				CLANG_CXX_LANGUAGE_STANDARD = "gnu++20";
				CLANG_ENABLE_MODULES = YES;
				CLANG_ENABLE_OBJC_ARC = YES;
				CLANG_ENABLE_OBJC_WEAK = YES;
				CLANG_WARN_BLOCK_CAPTURE_AUTORELEASING = YES;
				CLANG_WARN_BOOL_CONVERSION = YES;
				CLANG_WARN_COMMA = YES;
				CLANG_WARN_CONSTANT_CONVERSION = YES;
				CLANG_WARN_DEPRECATED_OBJC_IMPLEMENTATIONS = YES;
				CLANG_WARN_DIRECT_OBJC_ISA_USAGE = YES_ERROR;
				CLANG_WARN_DOCUMENTATION_COMMENTS = YES;
				CLANG_WARN_EMPTY_BODY = YES;
				CLANG_WARN_ENUM_CONVERSION = YES;
				CLANG_WARN_INFINITE_RECURSION = YES;
				CLANG_WARN_INT_CONVERSION = YES;
				CLANG_WARN_NON_LITERAL_NULL_CONVERSION = YES;
				CLANG_WARN_OBJC_IMPLICIT_RETAIN_SELF = YES;
				CLANG_WARN_OBJC_LITERAL_CONVERSION = YES;
				CLANG_WARN_OBJC_ROOT_CLASS = YES_ERROR;
				CLANG_WARN_QUOTED_INCLUDE_IN_FRAMEWORK_HEADER = YES;
				CLANG_WARN_RANGE_LOOP_ANALYSIS = YES;
				CLANG_WARN_STRICT_PROTOTYPES = YES;
				CLANG_WARN_SUSPICIOUS_MOVE = YES;
				CLANG_WARN_UNGUARDED_AVAILABILITY = YES_AGGRESSIVE;
				CLANG_WARN_UNREACHABLE_CODE = YES;
				CLANG_WARN__DUPLICATE_METHOD_MATCH = YES;
				COPY_PHASE_STRIP = NO;
				DEBUG_INFORMATION_FORMAT = dwarf;
				ENABLE_STRICT_OBJC_MSGSEND = YES;
				ENABLE_TESTABILITY = YES;
				ENABLE_USER_SCRIPT_SANDBOXING = YES;
				GCC_C_LANGUAGE_STANDARD = gnu17;
				GCC_DYNAMIC_NO_PIC = NO;
				GCC_NO_COMMON_BLOCKS = YES;
				GCC_OPTIMIZATION_LEVEL = 0;
				GCC_PREPROCESSOR_DEFINITIONS = (
					"DEBUG=1",
					"$(inherited)",
				);
				GCC_WARN_64_TO_32_BIT_CONVERSION = YES;
				GCC_WARN_ABOUT_RETURN_TYPE = YES_ERROR;
				GCC_WARN_UNDECLARED_SELECTOR = YES;
				GCC_WARN_UNINITIALIZED_AUTOS = YES_AGGRESSIVE;
				GCC_WARN_UNUSED_FUNCTION = YES;
				GCC_WARN_UNUSED_VARIABLE = YES;
				IPHONEOS_DEPLOYMENT_TARGET = 17.4;
				LOCALIZATION_PREFERS_STRING_CATALOGS = YES;
				MTL_ENABLE_DEBUG_INFO = INCLUDE_SOURCE;
				MTL_FAST_MATH = YES;
				ONLY_ACTIVE_ARCH = YES;
				SDKROOT = iphoneos;
				SWIFT_ACTIVE_COMPILATION_CONDITIONS = "DEBUG $(inherited)";
				SWIFT_OPTIMIZATION_LEVEL = "-Onone";
			};
			name = Debug;
		};
		D2758A242BB5BF7300402886 /* Release */ = {
			isa = XCBuildConfiguration;
			buildSettings = {
				ALWAYS_SEARCH_USER_PATHS = NO;
				ASSETCATALOG_COMPILER_GENERATE_SWIFT_ASSET_SYMBOL_EXTENSIONS = YES;
				CLANG_ANALYZER_NONNULL = YES;
				CLANG_ANALYZER_NUMBER_OBJECT_CONVERSION = YES_AGGRESSIVE;
				CLANG_CXX_LANGUAGE_STANDARD = "gnu++20";
				CLANG_ENABLE_MODULES = YES;
				CLANG_ENABLE_OBJC_ARC = YES;
				CLANG_ENABLE_OBJC_WEAK = YES;
				CLANG_WARN_BLOCK_CAPTURE_AUTORELEASING = YES;
				CLANG_WARN_BOOL_CONVERSION = YES;
				CLANG_WARN_COMMA = YES;
				CLANG_WARN_CONSTANT_CONVERSION = YES;
				CLANG_WARN_DEPRECATED_OBJC_IMPLEMENTATIONS = YES;
				CLANG_WARN_DIRECT_OBJC_ISA_USAGE = YES_ERROR;
				CLANG_WARN_DOCUMENTATION_COMMENTS = YES;
				CLANG_WARN_EMPTY_BODY = YES;
				CLANG_WARN_ENUM_CONVERSION = YES;
				CLANG_WARN_INFINITE_RECURSION = YES;
				CLANG_WARN_INT_CONVERSION = YES;
				CLANG_WARN_NON_LITERAL_NULL_CONVERSION = YES;
				CLANG_WARN_OBJC_IMPLICIT_RETAIN_SELF = YES;
				CLANG_WARN_OBJC_LITERAL_CONVERSION = YES;
				CLANG_WARN_OBJC_ROOT_CLASS = YES_ERROR;
				CLANG_WARN_QUOTED_INCLUDE_IN_FRAMEWORK_HEADER = YES;
				CLANG_WARN_RANGE_LOOP_ANALYSIS = YES;
				CLANG_WARN_STRICT_PROTOTYPES = YES;
				CLANG_WARN_SUSPICIOUS_MOVE = YES;
				CLANG_WARN_UNGUARDED_AVAILABILITY = YES_AGGRESSIVE;
				CLANG_WARN_UNREACHABLE_CODE = YES;
				CLANG_WARN__DUPLICATE_METHOD_MATCH = YES;
				COPY_PHASE_STRIP = NO;
				DEBUG_INFORMATION_FORMAT = "dwarf-with-dsym";
				ENABLE_NS_ASSERTIONS = NO;
				ENABLE_STRICT_OBJC_MSGSEND = YES;
				ENABLE_USER_SCRIPT_SANDBOXING = YES;
				GCC_C_LANGUAGE_STANDARD = gnu17;
				GCC_NO_COMMON_BLOCKS = YES;
				GCC_WARN_64_TO_32_BIT_CONVERSION = YES;
				GCC_WARN_ABOUT_RETURN_TYPE = YES_ERROR;
				GCC_WARN_UNDECLARED_SELECTOR = YES;
				GCC_WARN_UNINITIALIZED_AUTOS = YES_AGGRESSIVE;
				GCC_WARN_UNUSED_FUNCTION = YES;
				GCC_WARN_UNUSED_VARIABLE = YES;
				IPHONEOS_DEPLOYMENT_TARGET = 17.4;
				LOCALIZATION_PREFERS_STRING_CATALOGS = YES;
				MTL_ENABLE_DEBUG_INFO = NO;
				MTL_FAST_MATH = YES;
				SDKROOT = iphoneos;
				SWIFT_COMPILATION_MODE = wholemodule;
				VALIDATE_PRODUCT = YES;
			};
			name = Release;
		};
		D2758A262BB5BF7300402886 /* Debug */ = {
			isa = XCBuildConfiguration;
			buildSettings = {
				ASSETCATALOG_COMPILER_APPICON_NAME = AppIcon;
				ASSETCATALOG_COMPILER_GLOBAL_ACCENT_COLOR_NAME = AccentColor;
				CODE_SIGN_STYLE = Automatic;
				CURRENT_PROJECT_VERSION = 1;
				DEVELOPMENT_TEAM = 3UHRLQ9522;
				GENERATE_INFOPLIST_FILE = YES;
				INFOPLIST_FILE = "Friendly HR/Supporting Files/Info.plist";
				INFOPLIST_KEY_UIApplicationSupportsIndirectInputEvents = YES;
				INFOPLIST_KEY_UILaunchStoryboardName = LaunchScreen;
				INFOPLIST_KEY_UISupportedInterfaceOrientations = UIInterfaceOrientationPortrait;
				INFOPLIST_KEY_UISupportedInterfaceOrientations_iPad = "UIInterfaceOrientationLandscapeLeft UIInterfaceOrientationLandscapeRight UIInterfaceOrientationPortrait UIInterfaceOrientationPortraitUpsideDown";
				LD_RUNPATH_SEARCH_PATHS = (
					"$(inherited)",
					"@executable_path/Frameworks",
				);
				MARKETING_VERSION = 1.0;
				PRODUCT_BUNDLE_IDENTIFIER = "antonpenkov.Friendly-HR";
				PRODUCT_NAME = "$(TARGET_NAME)";
				SUPPORTED_PLATFORMS = "iphoneos iphonesimulator";
				SUPPORTS_MACCATALYST = NO;
				SUPPORTS_MAC_DESIGNED_FOR_IPHONE_IPAD = NO;
				SUPPORTS_XR_DESIGNED_FOR_IPHONE_IPAD = NO;
				SWIFT_EMIT_LOC_STRINGS = YES;
				SWIFT_VERSION = 5.0;
				TARGETED_DEVICE_FAMILY = 1;
			};
			name = Debug;
		};
		D2758A272BB5BF7300402886 /* Release */ = {
			isa = XCBuildConfiguration;
			buildSettings = {
				ASSETCATALOG_COMPILER_APPICON_NAME = AppIcon;
				ASSETCATALOG_COMPILER_GLOBAL_ACCENT_COLOR_NAME = AccentColor;
				CODE_SIGN_STYLE = Automatic;
				CURRENT_PROJECT_VERSION = 1;
				DEVELOPMENT_TEAM = 3UHRLQ9522;
				GENERATE_INFOPLIST_FILE = YES;
				INFOPLIST_FILE = "Friendly HR/Supporting Files/Info.plist";
				INFOPLIST_KEY_UIApplicationSupportsIndirectInputEvents = YES;
				INFOPLIST_KEY_UILaunchStoryboardName = LaunchScreen;
				INFOPLIST_KEY_UISupportedInterfaceOrientations = UIInterfaceOrientationPortrait;
				INFOPLIST_KEY_UISupportedInterfaceOrientations_iPad = "UIInterfaceOrientationLandscapeLeft UIInterfaceOrientationLandscapeRight UIInterfaceOrientationPortrait UIInterfaceOrientationPortraitUpsideDown";
				LD_RUNPATH_SEARCH_PATHS = (
					"$(inherited)",
					"@executable_path/Frameworks",
				);
				MARKETING_VERSION = 1.0;
				PRODUCT_BUNDLE_IDENTIFIER = "antonpenkov.Friendly-HR";
				PRODUCT_NAME = "$(TARGET_NAME)";
				SUPPORTED_PLATFORMS = "iphoneos iphonesimulator";
				SUPPORTS_MACCATALYST = NO;
				SUPPORTS_MAC_DESIGNED_FOR_IPHONE_IPAD = NO;
				SUPPORTS_XR_DESIGNED_FOR_IPHONE_IPAD = NO;
				SWIFT_EMIT_LOC_STRINGS = YES;
				SWIFT_VERSION = 5.0;
				TARGETED_DEVICE_FAMILY = 1;
			};
			name = Release;
		};
/* End XCBuildConfiguration section */

/* Begin XCConfigurationList section */
		D2758A0C2BB5BF7200402886 /* Build configuration list for PBXProject "Friendly HR" */ = {
			isa = XCConfigurationList;
			buildConfigurations = (
				D2758A232BB5BF7300402886 /* Debug */,
				D2758A242BB5BF7300402886 /* Release */,
			);
			defaultConfigurationIsVisible = 0;
			defaultConfigurationName = Release;
		};
		D2758A252BB5BF7300402886 /* Build configuration list for PBXNativeTarget "Friendly HR" */ = {
			isa = XCConfigurationList;
			buildConfigurations = (
				D2758A262BB5BF7300402886 /* Debug */,
				D2758A272BB5BF7300402886 /* Release */,
			);
			defaultConfigurationIsVisible = 0;
			defaultConfigurationName = Release;
		};
/* End XCConfigurationList section */
	};
	rootObject = D2758A092BB5BF7200402886 /* Project object */;
}
